
Microsoft Visual Studio Solution File, Format Version 12.00
# Visual Studio Version 16
VisualStudioVersion = 16.0.31729.503
MinimumVisualStudioVersion = 10.0.40219.1
Project("{888888A0-9F3D-457C-B088-3A5042F75D52}") = "geocat-permaLink2opendata", "geocat-permaLink2opendata.pyproj", "{18F81121-ED98-4290-AEB0-E26160510238}"
EndProject
Project("{888888A0-9F3D-457C-B088-3A5042F75D52}") = "ClassLibrary", "..\ClassLibrary\ClassLibrary.pyproj", "{5CFBEB1C-070A-47E7-84B6-95AAEEF86026}"
EndProject
Global
	GlobalSection(SolutionConfigurationPlatforms) = preSolution
		Debug|Any CPU = Debug|Any CPU
		Release|Any CPU = Release|Any CPU
	EndGlobalSection
	GlobalSection(ProjectConfigurationPlatforms) = postSolution
		{18F81121-ED98-4290-AEB0-E26160510238}.Debug|Any CPU.ActiveCfg = Debug|Any CPU
		{18F81121-ED98-4290-AEB0-E26160510238}.Release|Any CPU.ActiveCfg = Release|Any CPU
		{5CFBEB1C-070A-47E7-84B6-95AAEEF86026}.Debug|Any CPU.ActiveCfg = Debug|Any CPU
		{5CFBEB1C-070A-47E7-84B6-95AAEEF86026}.Release|Any CPU.ActiveCfg = Release|Any CPU
	EndGlobalSection
	GlobalSection(SolutionProperties) = preSolution
		HideSolutionNode = FALSE
	EndGlobalSection
	GlobalSection(ExtensibilityGlobals) = postSolution
		SolutionGuid = {4DF3D6F1-31F8-43C8-950F-EADA401182C0}
	EndGlobalSection
EndGlobal
